
Microsoft Visual Studio Solution File, Format Version 11.00
# Visual Studio 2010
Project("{FAE04EC0-301F-11D3-BF4B-00C04F79EFBC}") = "HealthGraphNet.Samples.MonoTouch", "HealthGraphNet.Samples.MonoTouch.csproj", "{91E9C322-4B17-46D4-9A69-5E28A1639179}"
EndProject
Project("{FAE04EC0-301F-11D3-BF4B-00C04F79EFBC}") = "HealthGraphNet.MonoTouch", "..\..\HealthGraphNet.MonoTouch\HealthGraphNet.MonoTouch.csproj", "{6CBE254B-ACED-4777-A36F-6262758A4222}"
EndProject
Global
	GlobalSection(SolutionConfigurationPlatforms) = preSolution
		Debug|iPhoneSimulator = Debug|iPhoneSimulator
		Release|iPhoneSimulator = Release|iPhoneSimulator
		Debug|iPhone = Debug|iPhone
		Release|iPhone = Release|iPhone
		Ad-Hoc|iPhone = Ad-Hoc|iPhone
		AppStore|iPhone = AppStore|iPhone
	EndGlobalSection
	GlobalSection(ProjectConfigurationPlatforms) = postSolution
		{6CBE254B-ACED-4777-A36F-6262758A4222}.Ad-Hoc|iPhone.ActiveCfg = Debug|Any CPU
		{6CBE254B-ACED-4777-A36F-6262758A4222}.Ad-Hoc|iPhone.Build.0 = Debug|Any CPU
		{6CBE254B-ACED-4777-A36F-6262758A4222}.AppStore|iPhone.ActiveCfg = Debug|Any CPU
		{6CBE254B-ACED-4777-A36F-6262758A4222}.AppStore|iPhone.Build.0 = Debug|Any CPU
		{6CBE254B-ACED-4777-A36F-6262758A4222}.Debug|iPhone.ActiveCfg = Debug|Any CPU
		{6CBE254B-ACED-4777-A36F-6262758A4222}.Debug|iPhone.Build.0 = Debug|Any CPU
		{6CBE254B-ACED-4777-A36F-6262758A4222}.Debug|iPhoneSimulator.ActiveCfg = Debug|Any CPU
		{6CBE254B-ACED-4777-A36F-6262758A4222}.Debug|iPhoneSimulator.Build.0 = Debug|Any CPU
		{6CBE254B-ACED-4777-A36F-6262758A4222}.Release|iPhone.ActiveCfg = Release|Any CPU
		{6CBE254B-ACED-4777-A36F-6262758A4222}.Release|iPhone.Build.0 = Release|Any CPU
		{6CBE254B-ACED-4777-A36F-6262758A4222}.Release|iPhoneSimulator.ActiveCfg = Release|Any CPU
		{6CBE254B-ACED-4777-A36F-6262758A4222}.Release|iPhoneSimulator.Build.0 = Release|Any CPU
		{91E9C322-4B17-46D4-9A69-5E28A1639179}.Ad-Hoc|iPhone.ActiveCfg = Ad-Hoc|iPhone
		{91E9C322-4B17-46D4-9A69-5E28A1639179}.Ad-Hoc|iPhone.Build.0 = Ad-Hoc|iPhone
		{91E9C322-4B17-46D4-9A69-5E28A1639179}.AppStore|iPhone.ActiveCfg = AppStore|iPhone
		{91E9C322-4B17-46D4-9A69-5E28A1639179}.AppStore|iPhone.Build.0 = AppStore|iPhone
		{91E9C322-4B17-46D4-9A69-5E28A1639179}.Debug|iPhone.ActiveCfg = Debug|iPhone
		{91E9C322-4B17-46D4-9A69-5E28A1639179}.Debug|iPhone.Build.0 = Debug|iPhone
		{91E9C322-4B17-46D4-9A69-5E28A1639179}.Debug|iPhoneSimulator.ActiveCfg = Debug|iPhoneSimulator
		{91E9C322-4B17-46D4-9A69-5E28A1639179}.Debug|iPhoneSimulator.Build.0 = Debug|iPhoneSimulator
		{91E9C322-4B17-46D4-9A69-5E28A1639179}.Release|iPhone.ActiveCfg = Release|iPhone
		{91E9C322-4B17-46D4-9A69-5E28A1639179}.Release|iPhone.Build.0 = Release|iPhone
		{91E9C322-4B17-46D4-9A69-5E28A1639179}.Release|iPhoneSimulator.ActiveCfg = Release|iPhoneSimulator
		{91E9C322-4B17-46D4-9A69-5E28A1639179}.Release|iPhoneSimulator.Build.0 = Release|iPhoneSimulator
	EndGlobalSection
	GlobalSection(MonoDevelopProperties) = preSolution
		StartupItem = HealthGraphNet.Samples.MonoTouch.csproj
		version = 1.0.0
	EndGlobalSection
EndGlobal
