
Microsoft Visual Studio Solution File, Format Version 11.00
# Visual Studio 2010
Project("{FAE04EC0-301F-11D3-BF4B-00C04F79EFBC}") = "HealthGraphNet.MonoTouch", "HealthGraphNet.MonoTouch.csproj", "{6CBE254B-ACED-4777-A36F-6262758A4222}"
EndProject
Global
	GlobalSection(SolutionConfigurationPlatforms) = preSolution
		Debug|Any CPU = Debug|Any CPU
		Release|Any CPU = Release|Any CPU
	EndGlobalSection
	GlobalSection(ProjectConfigurationPlatforms) = postSolution
		{6CBE254B-ACED-4777-A36F-6262758A4222}.Debug|Any CPU.ActiveCfg = Debug|Any CPU
		{6CBE254B-ACED-4777-A36F-6262758A4222}.Debug|Any CPU.Build.0 = Debug|Any CPU
		{6CBE254B-ACED-4777-A36F-6262758A4222}.Release|Any CPU.ActiveCfg = Release|Any CPU
		{6CBE254B-ACED-4777-A36F-6262758A4222}.Release|Any CPU.Build.0 = Release|Any CPU
	EndGlobalSection
	GlobalSection(MonoDevelopProperties) = preSolution
		StartupItem = HealthGraphNet.MonoTouch.csproj
		version = 1.0.0
	EndGlobalSection
EndGlobal
