
Microsoft Visual Studio Solution File, Format Version 11.00
# Visual Studio 2010
Project("{FAE04EC0-301F-11D3-BF4B-00C04F79EFBC}") = "HealthGraphNet.Samples.Web", "HealthGraphNet.Samples.Web\HealthGraphNet.Samples.Web.csproj", "{D31E5060-D70B-4170-86C5-6C253AAB6261}"
EndProject
Project("{FAE04EC0-301F-11D3-BF4B-00C04F79EFBC}") = "HealthGraphNet", "..\HealthGraphNet\HealthGraphNet.csproj", "{95267C4F-E409-4D06-9988-1C8C3CA5C0B5}"
EndProject
Global
	GlobalSection(SolutionConfigurationPlatforms) = preSolution
		Debug|Any CPU = Debug|Any CPU
		Release|Any CPU = Release|Any CPU
	EndGlobalSection
	GlobalSection(ProjectConfigurationPlatforms) = postSolution
		{D31E5060-D70B-4170-86C5-6C253AAB6261}.Debug|Any CPU.ActiveCfg = Debug|Any CPU
		{D31E5060-D70B-4170-86C5-6C253AAB6261}.Debug|Any CPU.Build.0 = Debug|Any CPU
		{D31E5060-D70B-4170-86C5-6C253AAB6261}.Release|Any CPU.ActiveCfg = Release|Any CPU
		{D31E5060-D70B-4170-86C5-6C253AAB6261}.Release|Any CPU.Build.0 = Release|Any CPU
		{95267C4F-E409-4D06-9988-1C8C3CA5C0B5}.Debug|Any CPU.ActiveCfg = Debug|Any CPU
		{95267C4F-E409-4D06-9988-1C8C3CA5C0B5}.Debug|Any CPU.Build.0 = Debug|Any CPU
		{95267C4F-E409-4D06-9988-1C8C3CA5C0B5}.Release|Any CPU.ActiveCfg = Release|Any CPU
		{95267C4F-E409-4D06-9988-1C8C3CA5C0B5}.Release|Any CPU.Build.0 = Release|Any CPU
	EndGlobalSection
	GlobalSection(SolutionProperties) = preSolution
		HideSolutionNode = FALSE
	EndGlobalSection
EndGlobal
